github.com/eatmoreapple/openwechat v1.4.10 h1:Wx1+Eulb8yXY7t9J8FCzaLu2tvRPT0leTskdNOsUXj0=
github.com/eatmoreapple/openwechat v1.4.10/go.mod h1:h4m2N8m0XsUKlm7UR8BUGkV89GNuKHCnlGV3J8n9Mpw=
github.com/google/uuid v1.6.0 h1:NIvaJDMOsjHA8n1jAhLSgzrAzy1Hgr+hNrb57e+94F0=
github.com/google/uuid v1.6.0/go.mod h1:TIyPZe4MgqvfeYDBFedMoGGpEw/LqOeaOT+nhxU+yHo=
